
Microsoft Visual Studio Solution File, Format Version 12.00
# Visual Studio Version 16
VisualStudioVersion = 16.0.30011.22
MinimumVisualStudioVersion = 10.0.40219.1
Project("{9A19103F-16F7-4668-BE54-9A1E7A4F7556}") = "Nekonya.Common", "Nekonya.Common\Nekonya.Common.csproj", "{35F85D2F-AE01-45E6-B7D8-3E1D00AF596D}"
EndProject
Project("{FAE04EC0-301F-11D3-BF4B-00C04F79EFBC}") = "Nekonya.Common.Test", "Test\Nekonya.Common.Test\Nekonya.Common.Test.csproj", "{F93EE99E-C505-41AA-A658-F08FE39EC122}"
EndProject
Project("{2150E333-8FDC-42A3-9474-1A3956D46DE8}") = "Test", "Test", "{C7B533B6-C999-4E82-8B48-9B01B3F10356}"
EndProject
Global
	GlobalSection(SolutionConfigurationPlatforms) = preSolution
		Debug|Any CPU = Debug|Any CPU
		Release|Any CPU = Release|Any CPU
	EndGlobalSection
	GlobalSection(ProjectConfigurationPlatforms) = postSolution
		{35F85D2F-AE01-45E6-B7D8-3E1D00AF596D}.Debug|Any CPU.ActiveCfg = Debug|Any CPU
		{35F85D2F-AE01-45E6-B7D8-3E1D00AF596D}.Debug|Any CPU.Build.0 = Debug|Any CPU
		{35F85D2F-AE01-45E6-B7D8-3E1D00AF596D}.Release|Any CPU.ActiveCfg = Release|Any CPU
		{35F85D2F-AE01-45E6-B7D8-3E1D00AF596D}.Release|Any CPU.Build.0 = Release|Any CPU
		{F93EE99E-C505-41AA-A658-F08FE39EC122}.Debug|Any CPU.ActiveCfg = Debug|Any CPU
		{F93EE99E-C505-41AA-A658-F08FE39EC122}.Debug|Any CPU.Build.0 = Debug|Any CPU
		{F93EE99E-C505-41AA-A658-F08FE39EC122}.Release|Any CPU.ActiveCfg = Release|Any CPU
		{F93EE99E-C505-41AA-A658-F08FE39EC122}.Release|Any CPU.Build.0 = Release|Any CPU
	EndGlobalSection
	GlobalSection(SolutionProperties) = preSolution
		HideSolutionNode = FALSE
	EndGlobalSection
	GlobalSection(NestedProjects) = preSolution
		{F93EE99E-C505-41AA-A658-F08FE39EC122} = {C7B533B6-C999-4E82-8B48-9B01B3F10356}
	EndGlobalSection
	GlobalSection(ExtensibilityGlobals) = postSolution
		SolutionGuid = {D610517B-F52B-4696-8B09-24A472A56D41}
	EndGlobalSection
EndGlobal
